
Microsoft Visual Studio Solution File, Format Version 11.00
# Visual Studio 2010
Project("{FAE04EC0-301F-11D3-BF4B-00C04F79EFBC}") = "CaptureArgs", "CaptureArgs\CaptureArgs.csproj", "{C27FD141-DFE1-4F6A-A43D-73ED3AFDFAF9}"
EndProject
Project("{FAE04EC0-301F-11D3-BF4B-00C04F79EFBC}") = "CaptureArgs.Tests", "CaptureArgs.Tests\CaptureArgs.Tests.csproj", "{2B8FE4F0-AB81-422E-A771-DBCA8FB293E3}"
EndProject
Global
	GlobalSection(SolutionConfigurationPlatforms) = preSolution
		Debug|Any CPU = Debug|Any CPU
		Release|Any CPU = Release|Any CPU
	EndGlobalSection
	GlobalSection(ProjectConfigurationPlatforms) = postSolution
		{C27FD141-DFE1-4F6A-A43D-73ED3AFDFAF9}.Debug|Any CPU.ActiveCfg = Debug|Any CPU
		{C27FD141-DFE1-4F6A-A43D-73ED3AFDFAF9}.Debug|Any CPU.Build.0 = Debug|Any CPU
		{C27FD141-DFE1-4F6A-A43D-73ED3AFDFAF9}.Release|Any CPU.ActiveCfg = Release|Any CPU
		{C27FD141-DFE1-4F6A-A43D-73ED3AFDFAF9}.Release|Any CPU.Build.0 = Release|Any CPU
		{2B8FE4F0-AB81-422E-A771-DBCA8FB293E3}.Debug|Any CPU.ActiveCfg = Debug|Any CPU
		{2B8FE4F0-AB81-422E-A771-DBCA8FB293E3}.Debug|Any CPU.Build.0 = Debug|Any CPU
		{2B8FE4F0-AB81-422E-A771-DBCA8FB293E3}.Release|Any CPU.ActiveCfg = Release|Any CPU
		{2B8FE4F0-AB81-422E-A771-DBCA8FB293E3}.Release|Any CPU.Build.0 = Release|Any CPU
	EndGlobalSection
	GlobalSection(SolutionProperties) = preSolution
		HideSolutionNode = FALSE
	EndGlobalSection
EndGlobal
